
Microsoft Visual Studio Solution File, Format Version 12.00
# Visual Studio Version 18
VisualStudioVersion = 18.5.11723.231 stable
MinimumVisualStudioVersion = 10.0.40219.1
Project("{FAE04EC0-301F-11D3-BF4B-00C04F79EFBC}") = "WaifuAIAssistant.API", "WaifuAIAssistant.API\WaifuAIAssistant.API.csproj", "{3EB9D4B2-E0EE-A0CC-A966-6F930EF2E9B7}"
EndProject
Project("{FAE04EC0-301F-11D3-BF4B-00C04F79EFBC}") = "WaifuAIAssistant.Domain", "WaifuAIAssistant.Domain\WaifuAIAssistant.Domain.csproj", "{6860CFE2-10F3-9A83-DD22-61437655ECA6}"
EndProject
Project("{FAE04EC0-301F-11D3-BF4B-00C04F79EFBC}") = "WaifuAIAssistant.Application", "WaifuAIAssistant.Application\WaifuAIAssistant.Application.csproj", "{15B009B7-A7C1-D35A-C2FC-020707038780}"
EndProject
Project("{FAE04EC0-301F-11D3-BF4B-00C04F79EFBC}") = "WaifuAIAssistant.Infrastructure", "WaifuAIAssistant.Infrastructure\WaifuAIAssistant.Infrastructure.csproj", "{D584D774-FB8B-1E5B-AB98-29C3F1EA480E}"
EndProject
Project("{FAE04EC0-301F-11D3-BF4B-00C04F79EFBC}") = "WaifuAiAssistant.Test", "WaifuAiAssistant.Test\WaifuAiAssistant.Test.csproj", "{5473EDF7-C5C1-4511-8163-CBA7CC3F65B4}"
EndProject
Global
	GlobalSection(SolutionConfigurationPlatforms) = preSolution
		Debug|Any CPU = Debug|Any CPU
		Release|Any CPU = Release|Any CPU
	EndGlobalSection
	GlobalSection(ProjectConfigurationPlatforms) = postSolution
		{3EB9D4B2-E0EE-A0CC-A966-6F930EF2E9B7}.Debug|Any CPU.ActiveCfg = Debug|Any CPU
		{3EB9D4B2-E0EE-A0CC-A966-6F930EF2E9B7}.Debug|Any CPU.Build.0 = Debug|Any CPU
		{3EB9D4B2-E0EE-A0CC-A966-6F930EF2E9B7}.Release|Any CPU.ActiveCfg = Release|Any CPU
		{3EB9D4B2-E0EE-A0CC-A966-6F930EF2E9B7}.Release|Any CPU.Build.0 = Release|Any CPU
		{6860CFE2-10F3-9A83-DD22-61437655ECA6}.Debug|Any CPU.ActiveCfg = Debug|Any CPU
		{6860CFE2-10F3-9A83-DD22-61437655ECA6}.Debug|Any CPU.Build.0 = Debug|Any CPU
		{6860CFE2-10F3-9A83-DD22-61437655ECA6}.Release|Any CPU.ActiveCfg = Release|Any CPU
		{6860CFE2-10F3-9A83-DD22-61437655ECA6}.Release|Any CPU.Build.0 = Release|Any CPU
		{15B009B7-A7C1-D35A-C2FC-020707038780}.Debug|Any CPU.ActiveCfg = Debug|Any CPU
		{15B009B7-A7C1-D35A-C2FC-020707038780}.Debug|Any CPU.Build.0 = Debug|Any CPU
		{15B009B7-A7C1-D35A-C2FC-020707038780}.Release|Any CPU.ActiveCfg = Release|Any CPU
		{15B009B7-A7C1-D35A-C2FC-020707038780}.Release|Any CPU.Build.0 = Release|Any CPU
		{D584D774-FB8B-1E5B-AB98-29C3F1EA480E}.Debug|Any CPU.ActiveCfg = Debug|Any CPU
		{D584D774-FB8B-1E5B-AB98-29C3F1EA480E}.Debug|Any CPU.Build.0 = Debug|Any CPU
		{D584D774-FB8B-1E5B-AB98-29C3F1EA480E}.Release|Any CPU.ActiveCfg = Release|Any CPU
		{D584D774-FB8B-1E5B-AB98-29C3F1EA480E}.Release|Any CPU.Build.0 = Release|Any CPU
		{5473EDF7-C5C1-4511-8163-CBA7CC3F65B4}.Debug|Any CPU.ActiveCfg = Debug|Any CPU
		{5473EDF7-C5C1-4511-8163-CBA7CC3F65B4}.Debug|Any CPU.Build.0 = Debug|Any CPU
		{5473EDF7-C5C1-4511-8163-CBA7CC3F65B4}.Release|Any CPU.ActiveCfg = Release|Any CPU
		{5473EDF7-C5C1-4511-8163-CBA7CC3F65B4}.Release|Any CPU.Build.0 = Release|Any CPU
	EndGlobalSection
	GlobalSection(SolutionProperties) = preSolution
		HideSolutionNode = FALSE
	EndGlobalSection
	GlobalSection(ExtensibilityGlobals) = postSolution
		SolutionGuid = {DB163B10-4E52-40BF-B80E-7EA905C5F616}
	EndGlobalSection
EndGlobal
